// !$*UTF8*$!
{
	archiveVersion = 1;
	classes = {
	};
	objectVersion = 56;
	objects = {

/* Begin PBXBuildFile section */
		5D32C78E29E7B79900CA142D /* AppDelegate.swift in Sources */ = {isa = PBXBuildFile; fileRef = 5D32C78D29E7B79900CA142D /* AppDelegate.swift */; };
		5D32C79029E7B79900CA142D /* SceneDelegate.swift in Sources */ = {isa = PBXBuildFile; fileRef = 5D32C78F29E7B79900CA142D /* SceneDelegate.swift */; };
		5D32C79229E7B79900CA142D /* ViewController.swift in Sources */ = {isa = PBXBuildFile; fileRef = 5D32C79129E7B79900CA142D /* ViewController.swift */; };
		5D32C79529E7B79900CA142D /* Main.storyboard in Resources */ = {isa = PBXBuildFile; fileRef = 5D32C79329E7B79900CA142D /* Main.storyboard */; };
		5D32C79729E7B79A00CA142D /* Assets.xcassets in Resources */ = {isa = PBXBuildFile; fileRef = 5D32C79629E7B79A00CA142D /* Assets.xcassets */; };
		5D32C79A29E7B79A00CA142D /* LaunchScreen.storyboard in Resources */ = {isa = PBXBuildFile; fileRef = 5D32C79829E7B79A00CA142D /* LaunchScreen.storyboard */; };
		5D32C7A529E7B79A00CA142D /* Unit_1Tests.swift in Sources */ = {isa = PBXBuildFile; fileRef = 5D32C7A429E7B79A00CA142D /* Unit_1Tests.swift */; };
		5D32C7AF29E7B79A00CA142D /* Unit_1UITests.swift in Sources */ = {isa = PBXBuildFile; fileRef = 5D32C7AE29E7B79A00CA142D /* Unit_1UITests.swift */; };
		5D32C7B129E7B79A00CA142D /* Unit_1UITestsLaunchTests.swift in Sources */ = {isa = PBXBuildFile; fileRef = 5D32C7B029E7B79A00CA142D /* Unit_1UITestsLaunchTests.swift */; };
/* End PBXBuildFile section */

/* Begin PBXContainerItemProxy section */
		5D32C7A129E7B79A00CA142D /* PBXContainerItemProxy */ = {
			isa = PBXContainerItemProxy;
			containerPortal = 5D32C78229E7B79900CA142D /* Project object */;
			proxyType = 1;
			remoteGlobalIDString = 5D32C78929E7B79900CA142D;
			remoteInfo = "Unit 1";
		};
		5D32C7AB29E7B79A00CA142D /* PBXContainerItemProxy */ = {
			isa = PBXContainerItemProxy;
			containerPortal = 5D32C78229E7B79900CA142D /* Project object */;
			proxyType = 1;
			remoteGlobalIDString = 5D32C78929E7B79900CA142D;
			remoteInfo = "Unit 1";
		};
/* End PBXContainerItemProxy section */

/* Begin PBXFileReference section */
		5D32C78A29E7B79900CA142D /* Unit 1.app */ = {isa = PBXFileReference; explicitFileType = wrapper.application; includeInIndex = 0; path = "Unit 1.app"; sourceTree = BUILT_PRODUCTS_DIR; };
		5D32C78D29E7B79900CA142D /* AppDelegate.swift */ = {isa = PBXFileReference; lastKnownFileType = sourcecode.swift; path = AppDelegate.swift; sourceTree = "<group>"; };
		5D32C78F29E7B79900CA142D /* SceneDelegate.swift */ = {isa = PBXFileReference; lastKnownFileType = sourcecode.swift; path = SceneDelegate.swift; sourceTree = "<group>"; };
		5D32C79129E7B79900CA142D /* ViewController.swift */ = {isa = PBXFileReference; lastKnownFileType = sourcecode.swift; path = ViewController.swift; sourceTree = "<group>"; };
		5D32C79429E7B79900CA142D /* Base */ = {isa = PBXFileReference; lastKnownFileType = file.storyboard; name = Base; path = Base.lproj/Main.storyboard; sourceTree = "<group>"; };
		5D32C79629E7B79A00CA142D /* Assets.xcassets */ = {isa = PBXFileReference; lastKnownFileType = folder.assetcatalog; path = Assets.xcassets; sourceTree = "<group>"; };
		5D32C79929E7B79A00CA142D /* Base */ = {isa = PBXFileReference; lastKnownFileType = file.storyboard; name = Base; path = Base.lproj/LaunchScreen.storyboard; sourceTree = "<group>"; };
		5D32C79B29E7B79A00CA142D /* Info.plist */ = {isa = PBXFileReference; lastKnownFileType = text.plist.xml; path = Info.plist; sourceTree = "<group>"; };
		5D32C7A029E7B79A00CA142D /* Unit 1Tests.xctest */ = {isa = PBXFileReference; explicitFileType = wrapper.cfbundle; includeInIndex = 0; path = "Unit 1Tests.xctest"; sourceTree = BUILT_PRODUCTS_DIR; };
		5D32C7A429E7B79A00CA142D /* Unit_1Tests.swift */ = {isa = PBXFileReference; lastKnownFileType = sourcecode.swift; path = Unit_1Tests.swift; sourceTree = "<group>"; };
		5D32C7AA29E7B79A00CA142D /* Unit 1UITests.xctest */ = {isa = PBXFileReference; explicitFileType = wrapper.cfbundle; includeInIndex = 0; path = "Unit 1UITests.xctest"; sourceTree = BUILT_PRODUCTS_DIR; };
		5D32C7AE29E7B79A00CA142D /* Unit_1UITests.swift */ = {isa = PBXFileReference; lastKnownFileType = sourcecode.swift; path = Unit_1UITests.swift; sourceTree = "<group>"; };
		5D32C7B029E7B79A00CA142D /* Unit_1UITestsLaunchTests.swift */ = {isa = PBXFileReference; lastKnownFileType = sourcecode.swift; path = Unit_1UITestsLaunchTests.swift; sourceTree = "<group>"; };
/* End PBXFileReference section */

/* Begin PBXFrameworksBuildPhase section */
		5D32C78729E7B79900CA142D /* Frameworks */ = {
			isa = PBXFrameworksBuildPhase;
			buildActionMask = 2147483647;
			files = (
			);
			runOnlyForDeploymentPostprocessing = 0;
		};
		5D32C79D29E7B79A00CA142D /* Frameworks */ = {
			isa = PBXFrameworksBuildPhase;
			buildActionMask = 2147483647;
			files = (
			);
			runOnlyForDeploymentPostprocessing = 0;
		};
		5D32C7A729E7B79A00CA142D /* Frameworks */ = {
			isa = PBXFrameworksBuildPhase;
			buildActionMask = 2147483647;
			files = (
			);
			runOnlyForDeploymentPostprocessing = 0;
		};
/* End PBXFrameworksBuildPhase section */

/* Begin PBXGroup section */
		5D32C78129E7B79900CA142D = {
			isa = PBXGroup;
			children = (
				5D32C78C29E7B79900CA142D /* Unit 1 */,
				5D32C7A329E7B79A00CA142D /* Unit 1Tests */,
				5D32C7AD29E7B79A00CA142D /* Unit 1UITests */,
				5D32C78B29E7B79900CA142D /* Products */,
			);
			sourceTree = "<group>";
		};
		5D32C78B29E7B79900CA142D /* Products */ = {
			isa = PBXGroup;
			children = (
				5D32C78A29E7B79900CA142D /* Unit 1.app */,
				5D32C7A029E7B79A00CA142D /* Unit 1Tests.xctest */,
				5D32C7AA29E7B79A00CA142D /* Unit 1UITests.xctest */,
			);
			name = Products;
			sourceTree = "<group>";
		};
		5D32C78C29E7B79900CA142D /* Unit 1 */ = {
			isa = PBXGroup;
			children = (
				5D32C78D29E7B79900CA142D /* AppDelegate.swift */,
				5D32C78F29E7B79900CA142D /* SceneDelegate.swift */,
				5D32C79129E7B79900CA142D /* ViewController.swift */,
				5D32C79329E7B79900CA142D /* Main.storyboard */,
				5D32C79629E7B79A00CA142D /* Assets.xcassets */,
				5D32C79829E7B79A00CA142D /* LaunchScreen.storyboard */,
				5D32C79B29E7B79A00CA142D /* Info.plist */,
			);
			path = "Unit 1";
			sourceTree = "<group>";
		};
		5D32C7A329E7B79A00CA142D /* Unit 1Tests */ = {
			isa = PBXGroup;
			children = (
				5D32C7A429E7B79A00CA142D /* Unit_1Tests.swift */,
			);
			path = "Unit 1Tests";
			sourceTree = "<group>";
		};
		5D32C7AD29E7B79A00CA142D /* Unit 1UITests */ = {
			isa = PBXGroup;
			children = (
				5D32C7AE29E7B79A00CA142D /* Unit_1UITests.swift */,
				5D32C7B029E7B79A00CA142D /* Unit_1UITestsLaunchTests.swift */,
			);
			path = "Unit 1UITests";
			sourceTree = "<group>";
		};
/* End PBXGroup section */

/* Begin PBXNativeTarget section */
		5D32C78929E7B79900CA142D /* Unit 1 */ = {
			isa = PBXNativeTarget;
			buildConfigurationList = 5D32C7B429E7B79A00CA142D /* Build configuration list for PBXNativeTarget "Unit 1" */;
			buildPhases = (
				5D32C78629E7B79900CA142D /* Sources */,
				5D32C78729E7B79900CA142D /* Frameworks */,
				5D32C78829E7B79900CA142D /* Resources */,
			);
			buildRules = (
			);
			dependencies = (
			);
			name = "Unit 1";
			productName = "Unit 1";
			productReference = 5D32C78A29E7B79900CA142D /* Unit 1.app */;
			productType = "com.apple.product-type.application";
		};
		5D32C79F29E7B79A00CA142D /* Unit 1Tests */ = {
			isa = PBXNativeTarget;
			buildConfigurationList = 5D32C7B729E7B79A00CA142D /* Build configuration list for PBXNativeTarget "Unit 1Tests" */;
			buildPhases = (
				5D32C79C29E7B79A00CA142D /* Sources */,
				5D32C79D29E7B79A00CA142D /* Frameworks */,
				5D32C79E29E7B79A00CA142D /* Resources */,
			);
			buildRules = (
			);
			dependencies = (
				5D32C7A229E7B79A00CA142D /* PBXTargetDependency */,
			);
			name = "Unit 1Tests";
			productName = "Unit 1Tests";
			productReference = 5D32C7A029E7B79A00CA142D /* Unit 1Tests.xctest */;
			productType = "com.apple.product-type.bundle.unit-test";
		};
		5D32C7A929E7B79A00CA142D /* Unit 1UITests */ = {
			isa = PBXNativeTarget;
			buildConfigurationList = 5D32C7BA29E7B79A00CA142D /* Build configuration list for PBXNativeTarget "Unit 1UITests" */;
			buildPhases = (
				5D32C7A629E7B79A00CA142D /* Sources */,
				5D32C7A729E7B79A00CA142D /* Frameworks */,
				5D32C7A829E7B79A00CA142D /* Resources */,
			);
			buildRules = (
			);
			dependencies = (
				5D32C7AC29E7B79A00CA142D /* PBXTargetDependency */,
			);
			name = "Unit 1UITests";
			productName = "Unit 1UITests";
			productReference = 5D32C7AA29E7B79A00CA142D /* Unit 1UITests.xctest */;
			productType = "com.apple.product-type.bundle.ui-testing";
		};
/* End PBXNativeTarget section */

/* Begin PBXProject section */
		5D32C78229E7B79900CA142D /* Project object */ = {
			isa = PBXProject;
			attributes = {
				BuildIndependentTargetsInParallel = 1;
				LastSwiftUpdateCheck = 1420;
				LastUpgradeCheck = 1420;
				TargetAttributes = {
					5D32C78929E7B79900CA142D = {
						CreatedOnToolsVersion = 14.2;
					};
					5D32C79F29E7B79A00CA142D = {
						CreatedOnToolsVersion = 14.2;
						TestTargetID = 5D32C78929E7B79900CA142D;
					};
					5D32C7A929E7B79A00CA142D = {
						CreatedOnToolsVersion = 14.2;
						TestTargetID = 5D32C78929E7B79900CA142D;
					};
				};
			};
			buildConfigurationList = 5D32C78529E7B79900CA142D /* Build configuration list for PBXProject "Unit 1" */;
			compatibilityVersion = "Xcode 14.0";
			developmentRegion = en;
			hasScannedForEncodings = 0;
			knownRegions = (
				en,
				Base,
			);
			mainGroup = 5D32C78129E7B79900CA142D;
			productRefGroup = 5D32C78B29E7B79900CA142D /* Products */;
			projectDirPath = "";
			projectRoot = "";
			targets = (
				5D32C78929E7B79900CA142D /* Unit 1 */,
				5D32C79F29E7B79A00CA142D /* Unit 1Tests */,
				5D32C7A929E7B79A00CA142D /* Unit 1UITests */,
			);
		};
/* End PBXProject section */

/* Begin PBXResourcesBuildPhase section */
		5D32C78829E7B79900CA142D /* Resources */ = {
			isa = PBXResourcesBuildPhase;
			buildActionMask = 2147483647;
			files = (
				5D32C79A29E7B79A00CA142D /* LaunchScreen.storyboard in Resources */,
				5D32C79729E7B79A00CA142D /* Assets.xcassets in Resources */,
				5D32C79529E7B79900CA142D /* Main.storyboard in Resources */,
			);
			runOnlyForDeploymentPostprocessing = 0;
		};
		5D32C79E29E7B79A00CA142D /* Resources */ = {
			isa = PBXResourcesBuildPhase;
			buildActionMask = 2147483647;
			files = (
			);
			runOnlyForDeploymentPostprocessing = 0;
		};
		5D32C7A829E7B79A00CA142D /* Resources */ = {
			isa = PBXResourcesBuildPhase;
			buildActionMask = 2147483647;
			files = (
			);
			runOnlyForDeploymentPostprocessing = 0;
		};
/* End PBXResourcesBuildPhase section */

/* Begin PBXSourcesBuildPhase section */
		5D32C78629E7B79900CA142D /* Sources */ = {
			isa = PBXSourcesBuildPhase;
			buildActionMask = 2147483647;
			files = (
				5D32C79229E7B79900CA142D /* ViewController.swift in Sources */,
				5D32C78E29E7B79900CA142D /* AppDelegate.swift in Sources */,
				5D32C79029E7B79900CA142D /* SceneDelegate.swift in Sources */,
			);
			runOnlyForDeploymentPostprocessing = 0;
		};
		5D32C79C29E7B79A00CA142D /* Sources */ = {
			isa = PBXSourcesBuildPhase;
			buildActionMask = 2147483647;
			files = (
				5D32C7A529E7B79A00CA142D /* Unit_1Tests.swift in Sources */,
			);
			runOnlyForDeploymentPostprocessing = 0;
		};
		5D32C7A629E7B79A00CA142D /* Sources */ = {
			isa = PBXSourcesBuildPhase;
			buildActionMask = 2147483647;
			files = (
				5D32C7B129E7B79A00CA142D /* Unit_1UITestsLaunchTests.swift in Sources */,
				5D32C7AF29E7B79A00CA142D /* Unit_1UITests.swift in Sources */,
			);
			runOnlyForDeploymentPostprocessing = 0;
		};
/* End PBXSourcesBuildPhase section */

/* Begin PBXTargetDependency section */
		5D32C7A229E7B79A00CA142D /* PBXTargetDependency */ = {
			isa = PBXTargetDependency;
			target = 5D32C78929E7B79900CA142D /* Unit 1 */;
			targetProxy = 5D32C7A129E7B79A00CA142D /* PBXContainerItemProxy */;
		};
		5D32C7AC29E7B79A00CA142D /* PBXTargetDependency */ = {
			isa = PBXTargetDependency;
			target = 5D32C78929E7B79900CA142D /* Unit 1 */;
			targetProxy = 5D32C7AB29E7B79A00CA142D /* PBXContainerItemProxy */;
		};
/* End PBXTargetDependency section */

/* Begin PBXVariantGroup section */
		5D32C79329E7B79900CA142D /* Main.storyboard */ = {
			isa = PBXVariantGroup;
			children = (
				5D32C79429E7B79900CA142D /* Base */,
			);
			name = Main.storyboard;
			sourceTree = "<group>";
		};
		5D32C79829E7B79A00CA142D /* LaunchScreen.storyboard */ = {
			isa = PBXVariantGroup;
			children = (
				5D32C79929E7B79A00CA142D /* Base */,
			);
			name = LaunchScreen.storyboard;
			sourceTree = "<group>";
		};
/* End PBXVariantGroup section */

/* Begin XCBuildConfiguration section */
		5D32C7B229E7B79A00CA142D /* Debug */ = {
			isa = XCBuildConfiguration;
			buildSettings = {
				ALWAYS_SEARCH_USER_PATHS = NO;
				CLANG_ANALYZER_NONNULL = YES;
				CLANG_ANALYZER_NUMBER_OBJECT_CONVERSION = YES_AGGRESSIVE;
				CLANG_CXX_LANGUAGE_STANDARD = "gnu++20";
				CLANG_ENABLE_MODULES = YES;
				CLANG_ENABLE_OBJC_ARC = YES;
				CLANG_ENABLE_OBJC_WEAK = YES;
				CLANG_WARN_BLOCK_CAPTURE_AUTORELEASING = YES;
				CLANG_WARN_BOOL_CONVERSION = YES;
				CLANG_WARN_COMMA = YES;
				CLANG_WARN_CONSTANT_CONVERSION = YES;
				CLANG_WARN_DEPRECATED_OBJC_IMPLEMENTATIONS = YES;
				CLANG_WARN_DIRECT_OBJC_ISA_USAGE = YES_ERROR;
				CLANG_WARN_DOCUMENTATION_COMMENTS = YES;
				CLANG_WARN_EMPTY_BODY = YES;
				CLANG_WARN_ENUM_CONVERSION = YES;
				CLANG_WARN_INFINITE_RECURSION = YES;
				CLANG_WARN_INT_CONVERSION = YES;
				CLANG_WARN_NON_LITERAL_NULL_CONVERSION = YES;
				CLANG_WARN_OBJC_IMPLICIT_RETAIN_SELF = YES;
				CLANG_WARN_OBJC_LITERAL_CONVERSION = YES;
				CLANG_WARN_OBJC_ROOT_CLASS = YES_ERROR;
				CLANG_WARN_QUOTED_INCLUDE_IN_FRAMEWORK_HEADER = YES;
				CLANG_WARN_RANGE_LOOP_ANALYSIS = YES;
				CLANG_WARN_STRICT_PROTOTYPES = YES;
				CLANG_WARN_SUSPICIOUS_MOVE = YES;
				CLANG_WARN_UNGUARDED_AVAILABILITY = YES_AGGRESSIVE;
				CLANG_WARN_UNREACHABLE_CODE = YES;
				CLANG_WARN__DUPLICATE_METHOD_MATCH = YES;
				COPY_PHASE_STRIP = NO;
				DEBUG_INFORMATION_FORMAT = dwarf;
				ENABLE_STRICT_OBJC_MSGSEND = YES;
				ENABLE_TESTABILITY = YES;
				GCC_C_LANGUAGE_STANDARD = gnu11;
				GCC_DYNAMIC_NO_PIC = NO;
				GCC_NO_COMMON_BLOCKS = YES;
				GCC_OPTIMIZATION_LEVEL = 0;
				GCC_PREPROCESSOR_DEFINITIONS = (
					"DEBUG=1",
					"$(inherited)",
				);
				GCC_WARN_64_TO_32_BIT_CONVERSION = YES;
				GCC_WARN_ABOUT_RETURN_TYPE = YES_ERROR;
				GCC_WARN_UNDECLARED_SELECTOR = YES;
				GCC_WARN_UNINITIALIZED_AUTOS = YES_AGGRESSIVE;
				GCC_WARN_UNUSED_FUNCTION = YES;
				GCC_WARN_UNUSED_VARIABLE = YES;
				IPHONEOS_DEPLOYMENT_TARGET = 16.2;
				MTL_ENABLE_DEBUG_INFO = INCLUDE_SOURCE;
				MTL_FAST_MATH = YES;
				ONLY_ACTIVE_ARCH = YES;
				SDKROOT = iphoneos;
				SWIFT_ACTIVE_COMPILATION_CONDITIONS = DEBUG;
				SWIFT_OPTIMIZATION_LEVEL = "-Onone";
			};
			name = Debug;
		};
		5D32C7B329E7B79A00CA142D /* Release */ = {
			isa = XCBuildConfiguration;
			buildSettings = {
				ALWAYS_SEARCH_USER_PATHS = NO;
				CLANG_ANALYZER_NONNULL = YES;
				CLANG_ANALYZER_NUMBER_OBJECT_CONVERSION = YES_AGGRESSIVE;
				CLANG_CXX_LANGUAGE_STANDARD = "gnu++20";
				CLANG_ENABLE_MODULES = YES;
				CLANG_ENABLE_OBJC_ARC = YES;
				CLANG_ENABLE_OBJC_WEAK = YES;
				CLANG_WARN_BLOCK_CAPTURE_AUTORELEASING = YES;
				CLANG_WARN_BOOL_CONVERSION = YES;
				CLANG_WARN_COMMA = YES;
				CLANG_WARN_CONSTANT_CONVERSION = YES;
				CLANG_WARN_DEPRECATED_OBJC_IMPLEMENTATIONS = YES;
				CLANG_WARN_DIRECT_OBJC_ISA_USAGE = YES_ERROR;
				CLANG_WARN_DOCUMENTATION_COMMENTS = YES;
				CLANG_WARN_EMPTY_BODY = YES;
				CLANG_WARN_ENUM_CONVERSION = YES;
				CLANG_WARN_INFINITE_RECURSION = YES;
				CLANG_WARN_INT_CONVERSION = YES;
				CLANG_WARN_NON_LITERAL_NULL_CONVERSION = YES;
				CLANG_WARN_OBJC_IMPLICIT_RETAIN_SELF = YES;
				CLANG_WARN_OBJC_LITERAL_CONVERSION = YES;
				CLANG_WARN_OBJC_ROOT_CLASS = YES_ERROR;
				CLANG_WARN_QUOTED_INCLUDE_IN_FRAMEWORK_HEADER = YES;
				CLANG_WARN_RANGE_LOOP_ANALYSIS = YES;
				CLANG_WARN_STRICT_PROTOTYPES = YES;
				CLANG_WARN_SUSPICIOUS_MOVE = YES;
				CLANG_WARN_UNGUARDED_AVAILABILITY = YES_AGGRESSIVE;
				CLANG_WARN_UNREACHABLE_CODE = YES;
				CLANG_WARN__DUPLICATE_METHOD_MATCH = YES;
				COPY_PHASE_STRIP = NO;
				DEBUG_INFORMATION_FORMAT = "dwarf-with-dsym";
				ENABLE_NS_ASSERTIONS = NO;
				ENABLE_STRICT_OBJC_MSGSEND = YES;
				GCC_C_LANGUAGE_STANDARD = gnu11;
				GCC_NO_COMMON_BLOCKS = YES;
				GCC_WARN_64_TO_32_BIT_CONVERSION = YES;
				GCC_WARN_ABOUT_RETURN_TYPE = YES_ERROR;
				GCC_WARN_UNDECLARED_SELECTOR = YES;
				GCC_WARN_UNINITIALIZED_AUTOS = YES_AGGRESSIVE;
				GCC_WARN_UNUSED_FUNCTION = YES;
				GCC_WARN_UNUSED_VARIABLE = YES;
				IPHONEOS_DEPLOYMENT_TARGET = 16.2;
				MTL_ENABLE_DEBUG_INFO = NO;
				MTL_FAST_MATH = YES;
				SDKROOT = iphoneos;
				SWIFT_COMPILATION_MODE = wholemodule;
				SWIFT_OPTIMIZATION_LEVEL = "-O";
				VALIDATE_PRODUCT = YES;
			};
			name = Release;
		};
		5D32C7B529E7B79A00CA142D /* Debug */ = {
			isa = XCBuildConfiguration;
			buildSettings = {
				ASSETCATALOG_COMPILER_APPICON_NAME = AppIcon;
				ASSETCATALOG_COMPILER_GLOBAL_ACCENT_COLOR_NAME = AccentColor;
				CODE_SIGN_STYLE = Automatic;
				CURRENT_PROJECT_VERSION = 1;
				DEVELOPMENT_TEAM = G37UHYR35Q;
				GENERATE_INFOPLIST_FILE = YES;
				INFOPLIST_FILE = "Unit 1/Info.plist";
				INFOPLIST_KEY_UIApplicationSupportsIndirectInputEvents = YES;
				INFOPLIST_KEY_UILaunchStoryboardName = LaunchScreen;
				INFOPLIST_KEY_UIMainStoryboardFile = Main;
				INFOPLIST_KEY_UISupportedInterfaceOrientations_iPad = "UIInterfaceOrientationPortrait UIInterfaceOrientationPortraitUpsideDown UIInterfaceOrientationLandscapeLeft UIInterfaceOrientationLandscapeRight";
				INFOPLIST_KEY_UISupportedInterfaceOrientations_iPhone = "UIInterfaceOrientationPortrait UIInterfaceOrientationLandscapeLeft UIInterfaceOrientationLandscapeRight";
				LD_RUNPATH_SEARCH_PATHS = (
					"$(inherited)",
					"@executable_path/Frameworks",
				);
				MARKETING_VERSION = 1.0;
				PRODUCT_BUNDLE_IDENTIFIER = "com.rickywong.Unit-1";
				PRODUCT_NAME = "$(TARGET_NAME)";
				SWIFT_EMIT_LOC_STRINGS = YES;
				SWIFT_VERSION = 5.0;
				TARGETED_DEVICE_FAMILY = "1,2";
			};
			name = Debug;
		};
		5D32C7B629E7B79A00CA142D /* Release */ = {
			isa = XCBuildConfiguration;
			buildSettings = {
				ASSETCATALOG_COMPILER_APPICON_NAME = AppIcon;
				ASSETCATALOG_COMPILER_GLOBAL_ACCENT_COLOR_NAME = AccentColor;
				CODE_SIGN_STYLE = Automatic;
				CURRENT_PROJECT_VERSION = 1;
				DEVELOPMENT_TEAM = G37UHYR35Q;
				GENERATE_INFOPLIST_FILE = YES;
				INFOPLIST_FILE = "Unit 1/Info.plist";
				INFOPLIST_KEY_UIApplicationSupportsIndirectInputEvents = YES;
				INFOPLIST_KEY_UILaunchStoryboardName = LaunchScreen;
				INFOPLIST_KEY_UIMainStoryboardFile = Main;
				INFOPLIST_KEY_UISupportedInterfaceOrientations_iPad = "UIInterfaceOrientationPortrait UIInterfaceOrientationPortraitUpsideDown UIInterfaceOrientationLandscapeLeft UIInterfaceOrientationLandscapeRight";
				INFOPLIST_KEY_UISupportedInterfaceOrientations_iPhone = "UIInterfaceOrientationPortrait UIInterfaceOrientationLandscapeLeft UIInterfaceOrientationLandscapeRight";
				LD_RUNPATH_SEARCH_PATHS = (
					"$(inherited)",
					"@executable_path/Frameworks",
				);
				MARKETING_VERSION = 1.0;
				PRODUCT_BUNDLE_IDENTIFIER = "com.rickywong.Unit-1";
				PRODUCT_NAME = "$(TARGET_NAME)";
				SWIFT_EMIT_LOC_STRINGS = YES;
				SWIFT_VERSION = 5.0;
				TARGETED_DEVICE_FAMILY = "1,2";
			};
			name = Release;
		};
		5D32C7B829E7B79A00CA142D /* Debug */ = {
			isa = XCBuildConfiguration;
			buildSettings = {
				ALWAYS_EMBED_SWIFT_STANDARD_LIBRARIES = YES;
				BUNDLE_LOADER = "$(TEST_HOST)";
				CODE_SIGN_STYLE = Automatic;
				CURRENT_PROJECT_VERSION = 1;
				DEVELOPMENT_TEAM = G37UHYR35Q;
				GENERATE_INFOPLIST_FILE = YES;
				IPHONEOS_DEPLOYMENT_TARGET = 16.2;
				MARKETING_VERSION = 1.0;
				PRODUCT_BUNDLE_IDENTIFIER = "com.rickywong.Unit-1Tests";
				PRODUCT_NAME = "$(TARGET_NAME)";
				SWIFT_EMIT_LOC_STRINGS = NO;
				SWIFT_VERSION = 5.0;
				TARGETED_DEVICE_FAMILY = "1,2";
				TEST_HOST = "$(BUILT_PRODUCTS_DIR)/Unit 1.app/$(BUNDLE_EXECUTABLE_FOLDER_PATH)/Unit 1";
			};
			name = Debug;
		};
		5D32C7B929E7B79A00CA142D /* Release */ = {
			isa = XCBuildConfiguration;
			buildSettings = {
				ALWAYS_EMBED_SWIFT_STANDARD_LIBRARIES = YES;
				BUNDLE_LOADER = "$(TEST_HOST)";
				CODE_SIGN_STYLE = Automatic;
				CURRENT_PROJECT_VERSION = 1;
				DEVELOPMENT_TEAM = G37UHYR35Q;
				GENERATE_INFOPLIST_FILE = YES;
				IPHONEOS_DEPLOYMENT_TARGET = 16.2;
				MARKETING_VERSION = 1.0;
				PRODUCT_BUNDLE_IDENTIFIER = "com.rickywong.Unit-1Tests";
				PRODUCT_NAME = "$(TARGET_NAME)";
				SWIFT_EMIT_LOC_STRINGS = NO;
				SWIFT_VERSION = 5.0;
				TARGETED_DEVICE_FAMILY = "1,2";
				TEST_HOST = "$(BUILT_PRODUCTS_DIR)/Unit 1.app/$(BUNDLE_EXECUTABLE_FOLDER_PATH)/Unit 1";
			};
			name = Release;
		};
		5D32C7BB29E7B79A00CA142D /* Debug */ = {
			isa = XCBuildConfiguration;
			buildSettings = {
				ALWAYS_EMBED_SWIFT_STANDARD_LIBRARIES = YES;
				CODE_SIGN_STYLE = Automatic;
				CURRENT_PROJECT_VERSION = 1;
				DEVELOPMENT_TEAM = G37UHYR35Q;
				GENERATE_INFOPLIST_FILE = YES;
				MARKETING_VERSION = 1.0;
				PRODUCT_BUNDLE_IDENTIFIER = "com.rickywong.Unit-1UITests";
				PRODUCT_NAME = "$(TARGET_NAME)";
				SWIFT_EMIT_LOC_STRINGS = NO;
				SWIFT_VERSION = 5.0;
				TARGETED_DEVICE_FAMILY = "1,2";
				TEST_TARGET_NAME = "Unit 1";
			};
			name = Debug;
		};
		5D32C7BC29E7B79A00CA142D /* Release */ = {
			isa = XCBuildConfiguration;
			buildSettings = {
				ALWAYS_EMBED_SWIFT_STANDARD_LIBRARIES = YES;
				CODE_SIGN_STYLE = Automatic;
				CURRENT_PROJECT_VERSION = 1;
				DEVELOPMENT_TEAM = G37UHYR35Q;
				GENERATE_INFOPLIST_FILE = YES;
				MARKETING_VERSION = 1.0;
				PRODUCT_BUNDLE_IDENTIFIER = "com.rickywong.Unit-1UITests";
				PRODUCT_NAME = "$(TARGET_NAME)";
				SWIFT_EMIT_LOC_STRINGS = NO;
				SWIFT_VERSION = 5.0;
				TARGETED_DEVICE_FAMILY = "1,2";
				TEST_TARGET_NAME = "Unit 1";
			};
			name = Release;
		};
/* End XCBuildConfiguration section */

/* Begin XCConfigurationList section */
		5D32C78529E7B79900CA142D /* Build configuration list for PBXProject "Unit 1" */ = {
			isa = XCConfigurationList;
			buildConfigurations = (
				5D32C7B229E7B79A00CA142D /* Debug */,
				5D32C7B329E7B79A00CA142D /* Release */,
			);
			defaultConfigurationIsVisible = 0;
			defaultConfigurationName = Release;
		};
		5D32C7B429E7B79A00CA142D /* Build configuration list for PBXNativeTarget "Unit 1" */ = {
			isa = XCConfigurationList;
			buildConfigurations = (
				5D32C7B529E7B79A00CA142D /* Debug */,
				5D32C7B629E7B79A00CA142D /* Release */,
			);
			defaultConfigurationIsVisible = 0;
			defaultConfigurationName = Release;
		};
		5D32C7B729E7B79A00CA142D /* Build configuration list for PBXNativeTarget "Unit 1Tests" */ = {
			isa = XCConfigurationList;
			buildConfigurations = (
				5D32C7B829E7B79A00CA142D /* Debug */,
				5D32C7B929E7B79A00CA142D /* Release */,
			);
			defaultConfigurationIsVisible = 0;
			defaultConfigurationName = Release;
		};
		5D32C7BA29E7B79A00CA142D /* Build configuration list for PBXNativeTarget "Unit 1UITests" */ = {
			isa = XCConfigurationList;
			buildConfigurations = (
				5D32C7BB29E7B79A00CA142D /* Debug */,
				5D32C7BC29E7B79A00CA142D /* Release */,
			);
			defaultConfigurationIsVisible = 0;
			defaultConfigurationName = Release;
		};
/* End XCConfigurationList section */
	};
	rootObject = 5D32C78229E7B79900CA142D /* Project object */;
}
